
Microsoft Visual Studio Solution File, Format Version 12.00
# Visual Studio Version 17
VisualStudioVersion = 17.5.33530.505
MinimumVisualStudioVersion = 10.0.40219.1
Project("{FAE04EC0-301F-11D3-BF4B-00C04F79EFBC}") = "MiTransporte", "MiTransporte\MiTransporte.csproj", "{5ACF93BB-4469-4D08-B93C-12D0450FA6A2}"
EndProject
Global
	GlobalSection(SolutionConfigurationPlatforms) = preSolution
		Debug|Any CPU = Debug|Any CPU
		Release|Any CPU = Release|Any CPU
	EndGlobalSection
	GlobalSection(ProjectConfigurationPlatforms) = postSolution
		{5ACF93BB-4469-4D08-B93C-12D0450FA6A2}.Debug|Any CPU.ActiveCfg = Debug|Any CPU
		{5ACF93BB-4469-4D08-B93C-12D0450FA6A2}.Debug|Any CPU.Build.0 = Debug|Any CPU
		{5ACF93BB-4469-4D08-B93C-12D0450FA6A2}.Release|Any CPU.ActiveCfg = Release|Any CPU
		{5ACF93BB-4469-4D08-B93C-12D0450FA6A2}.Release|Any CPU.Build.0 = Release|Any CPU
	EndGlobalSection
	GlobalSection(SolutionProperties) = preSolution
		HideSolutionNode = FALSE
	EndGlobalSection
	GlobalSection(ExtensibilityGlobals) = postSolution
		SolutionGuid = {D472383A-39DA-4223-A1B0-CB34BFD8C728}
	EndGlobalSection
EndGlobal
